
Microsoft Visual Studio Solution File, Format Version 12.00
# Visual Studio Version 17
VisualStudioVersion = 17.9.34622.214
MinimumVisualStudioVersion = 10.0.40219.1
Project("{FAE04EC0-301F-11D3-BF4B-00C04F79EFBC}") = "Officina", "Officina\Officina.csproj", "{4925F5E7-54BD-4E08-9B51-5C13D62997BF}"
EndProject
Global
	GlobalSection(SolutionConfigurationPlatforms) = preSolution
		Debug|Any CPU = Debug|Any CPU
		Release|Any CPU = Release|Any CPU
	EndGlobalSection
	GlobalSection(ProjectConfigurationPlatforms) = postSolution
		{4925F5E7-54BD-4E08-9B51-5C13D62997BF}.Debug|Any CPU.ActiveCfg = Debug|Any CPU
		{4925F5E7-54BD-4E08-9B51-5C13D62997BF}.Debug|Any CPU.Build.0 = Debug|Any CPU
		{4925F5E7-54BD-4E08-9B51-5C13D62997BF}.Release|Any CPU.ActiveCfg = Release|Any CPU
		{4925F5E7-54BD-4E08-9B51-5C13D62997BF}.Release|Any CPU.Build.0 = Release|Any CPU
	EndGlobalSection
	GlobalSection(SolutionProperties) = preSolution
		HideSolutionNode = FALSE
	EndGlobalSection
	GlobalSection(ExtensibilityGlobals) = postSolution
		SolutionGuid = {02484CC5-97E2-439F-B67F-1969E9CBE1D9}
	EndGlobalSection
EndGlobal
