
Microsoft Visual Studio Solution File, Format Version 12.00
# Visual Studio Version 17
VisualStudioVersion = 17.9.34622.214
MinimumVisualStudioVersion = 10.0.40219.1
Project("{FAE04EC0-301F-11D3-BF4B-00C04F79EFBC}") = "Ferramenta", "Ferramenta\Ferramenta.csproj", "{4954359E-C022-441F-99AF-C0D7F06917DD}"
EndProject
Global
	GlobalSection(SolutionConfigurationPlatforms) = preSolution
		Debug|Any CPU = Debug|Any CPU
		Release|Any CPU = Release|Any CPU
	EndGlobalSection
	GlobalSection(ProjectConfigurationPlatforms) = postSolution
		{4954359E-C022-441F-99AF-C0D7F06917DD}.Debug|Any CPU.ActiveCfg = Debug|Any CPU
		{4954359E-C022-441F-99AF-C0D7F06917DD}.Debug|Any CPU.Build.0 = Debug|Any CPU
		{4954359E-C022-441F-99AF-C0D7F06917DD}.Release|Any CPU.ActiveCfg = Release|Any CPU
		{4954359E-C022-441F-99AF-C0D7F06917DD}.Release|Any CPU.Build.0 = Release|Any CPU
	EndGlobalSection
	GlobalSection(SolutionProperties) = preSolution
		HideSolutionNode = FALSE
	EndGlobalSection
	GlobalSection(ExtensibilityGlobals) = postSolution
		SolutionGuid = {F36F022F-D28D-4F76-996E-CF74B339E5DE}
	EndGlobalSection
EndGlobal
